github.com/alessiosavi/GoGPUtils v0.0.30 h1:+by+u5WlrjCvY3wdcn5aOGBJ2depT1iiNQwD6JlqZfY=
github.com/alessiosavi/GoGPUtils v0.0.30/go.mod h1:DRI9kEkT/ZZdHr+ESFOMfqWPHsO9WgjzyVXdfOGN83M=
github.com/alessiosavi/ahocorasick v0.0.3/go.mod h1:GlX7JXZTgFoEccsMg5JZVpjoe+NW7Nk+3b5ldtGP5oU=
github.com/aws/aws-sdk-go-v2 v0.30.0 h1:/CjXUnWXnvdgOqHa65UIs2TODa5D5lm3ty7O0wWuYHY=
github.com/aws/aws-sdk-go-v2 v0.30.0/go.mod h1:vEDjzdktTH+FoEOV6BWgYLEzvPti13Onp5/qQrSiLPg=
github.com/aws/aws-sdk-go-v2/service/internal/accept-encoding v0.3.1 h1:97Qz2pFoNTlum+0RNwmUaI9IK9SkT+7CikD8zTnlGTs=
github.com/aws/aws-sdk-go-v2/service/internal/accept-encoding v0.3.1/go.mod h1:NPTV0PtdITqVGH/e7Xo1Z0TnnKCn2pIH+ZT23dl5Ut0=
github.com/aws/aws-sdk-go-v2/service/internal/presigned-url v0.1.2 h1:IYzRDYnkTkAVhujX+iTWmLJos4AXi/pvPONAe0wMSP8=
github.com/aws/aws-sdk-go-v2/service/internal/presigned-url v0.1.2/go.mod h1:Y5TaKlPoomdyxvIih6vIqRW34ULrF5u+yynvrt1ZgHs=
github.com/aws/aws-sdk-go-v2/service/internal/s3shared v0.3.2 h1:ee8j1Mhh8fjRWBdwPCjnX5e+F3BgNyJST8MzC+2WHMU=
github.com/aws/aws-sdk-go-v2/service/internal/s3shared v0.3.2/go.mod h1:TEPtn2n/mgjBDhungibao+8f6Dj9WiB0Pmp3l3fDu4s=
github.com/aws/aws-sdk-go-v2/service/s3 v0.30.0 h1:6rzwpT/nJYmGFrVxn+p5LBIgyluxcRZrF659466Ng3I=
github.com/aws/aws-sdk-go-v2/service/s3 v0.30.0/go.mod h1:2C83pgeaB438g5NQ9cQVoJ3UXlXJbGAbAor7o5ArNdA=
github.com/awslabs/smithy-go v0.4.0 h1:El0KyKn4zdM3pLuWJlgoeitQuu/mjwUPssr7L3xu3vs=
github.com/awslabs/smithy-go v0.4.0/go.mod h1:hPOQwnmBLHsUphH13tVSjQhTAFma0/0XoZGbBcOuABI=
github.com/davecgh/go-spew v1.1.0 h1:ZDRjVQ15GmhC3fiQ8ni8+OwkZQO4DARzQgrnXU1Liz8=
github.com/davecgh/go-spew v1.1.0/go.mod h1:J7Y8YcW2NihsgmVo/mv3lAwl/skON4iLHjSsI+c5H38=
github.com/google/go-cmp v0.4.1/go.mod h1:v8dTdLbMG2kIc/vJvl+f65V22dbkXbowE6jgT/gNBxE=
github.com/google/go-cmp v0.5.4 h1:L8R9j+yAqZuZjsqh/z+F1NCffTKKLShY6zXTItVIZ8M=
github.com/google/go-cmp v0.5.4/go.mod h1:v8dTdLbMG2kIc/vJvl+f65V22dbkXbowE6jgT/gNBxE=
github.com/jmespath/go-jmespath v0.4.0/go.mod h1:T8mJZnbsbmF+m6zOOFylbeCJqk5+pHWvzYPziyZiYoo=
github.com/jmespath/go-jmespath/internal/testify v1.5.1/go.mod h1:L3OGu8Wl2/fWfCI6z80xFu9LTZmf1ZRjMHUOPmWr69U=
github.com/kr/fs v0.1.0 h1:Jskdu9ieNAYnjxsi0LbQp1ulIKZV1LAFgK1tWhpZgl8=
github.com/kr/fs v0.1.0/go.mod h1:FFnZGqtBN9Gxj7eW1uZ42v5BccTP0vu6NEaFoC2HwRg=
github.com/pkg/errors v0.9.1 h1:FEBLx1zS214owpjy7qsBeixbURkuhQAwrK5UwLGTwt4=
github.com/pkg/errors v0.9.1/go.mod h1:bwawxfHBFNV+L2hUp1rHADufV3IMtnDRdf1r5NINEl0=
github.com/pkg/sftp v1.12.0 h1:/f3b24xrDhkhddlaobPe2JgBqfdt+gC/NYl0QY9IOuI=
github.com/pkg/sftp v1.12.0/go.mod h1:fUqqXB5vEgVCZ131L+9say31RAri6aF6KDViawhxKK8=
github.com/pmezard/go-difflib v1.0.0 h1:4DBwDE0NGyQoBHbLQYPwSUPoCMWR5BEzIk/f1lZbAQM=
github.com/pmezard/go-difflib v1.0.0/go.mod h1:iKH77koFhYxTK1pcRnkKkqfTogsbg7gZNVY4sRDYZ/4=
github.com/stretchr/objx v0.1.0/go.mod h1:HFkY916IF+rwdDfMAkV7OtwuqBVzrE8GR6GFx+wExME=
github.com/stretchr/testify v1.6.1 h1:hDPOHmpOpP40lSULcqw7IrRb/u7w6RpDC9399XyoNd0=
github.com/stretchr/testify v1.6.1/go.mod h1:6Fq8oRcR53rry900zMqJjRRixrwX3KX962/h/Wwjteg=
golang.org/x/crypto v0.0.0-20190308221718-c2843e01d9a2/go.mod h1:djNgcEr1/C05ACkg1iLfiJU5Ep61QUkGW8qpdssI0+w=
golang.org/x/crypto v0.0.0-20200820211705-5c72a883971a/go.mod h1:LzIPMQfyMNhhGPhUkYOs5KpL4U8rLKemX1yGLhDgUto=
golang.org/x/crypto v0.0.0-20201217014255-9d1352758620 h1:3wPMTskHO3+O6jqTEXyFcsnuxMQOqYSaHsDxcbUXpqA=
golang.org/x/crypto v0.0.0-20201217014255-9d1352758620/go.mod h1:jdWPYTVW3xRLrWPugEBEK3UY2ZEsg3UU495nc5E+M+I=
golang.org/x/net v0.0.0-20190404232315-eb5bcb51f2a3/go.mod h1:t9HGtf8HONx5eT2rtn7q6eTqICYqUVnKs3thJo3Qplg=
golang.org/x/sys v0.0.0-20190215142949-d0b11bdaac8a/go.mod h1:STP8DvDyc/dI5b8T5hshtkjS+E42TnysNCUPdjciGhY=
golang.org/x/sys v0.0.0-20190412213103-97732733099d/go.mod h1:h1NjWce9XRLGQEsW7wpKNCjG9DtNlClVuFLEZdDNbEs=
golang.org/x/sys v0.0.0-20191026070338-33540a1f6037/go.mod h1:h1NjWce9XRLGQEsW7wpKNCjG9DtNlClVuFLEZdDNbEs=
golang.org/x/sys v0.0.0-20201218084310-7d0127a74742 h1:+CBz4km/0KPU3RGTwARGh/noP3bEwtHcq+0YcBQM2JQ=
golang.org/x/sys v0.0.0-20201218084310-7d0127a74742/go.mod h1:h1NjWce9XRLGQEsW7wpKNCjG9DtNlClVuFLEZdDNbEs=
golang.org/x/term v0.0.0-20201117132131-f5c789dd3221 h1:/ZHdbVpdR/jk3g30/d4yUL0JU9kksj8+F/bnQUVLGDM=
golang.org/x/term v0.0.0-20201117132131-f5c789dd3221/go.mod h1:Nr5EML6q2oocZ2LXRh80K7BxOlk5/8JxuGnuhpl+muw=
golang.org/x/text v0.3.0/go.mod h1:NqM8EUOU14njkJ3fqMW+pc6Ldnwhi/IjpwHt7yyuwOQ=
golang.org/x/xerrors v0.0.0-20191204190536-9bdfabe68543 h1:E7g+9GITq07hpfrRu66IVDexMakfv52eLZ2CXBWiKr4=
golang.org/x/xerrors v0.0.0-20191204190536-9bdfabe68543/go.mod h1:I/5z698sn9Ka8TeJc9MKroUUfqBBauWjQqLJ2OPfmY0=
gopkg.in/check.v1 v0.0.0-20161208181325-20d25e280405 h1:yhCVgyC4o1eVCa2tZl7eS0r+SDo693bJlVdllGtEeKM=
gopkg.in/check.v1 v0.0.0-20161208181325-20d25e280405/go.mod h1:Co6ibVJAznAaIkqp8huTwlJQCZ016jof/cbN4VW5Yz0=
gopkg.in/yaml.v2 v2.2.8/go.mod h1:hI93XBmqTisBFMUTm0b8Fm+jr3Dg1NNxqwp+5A1VGuI=
gopkg.in/yaml.v3 v3.0.0-20200313102051-9f266ea9e77c h1:dUUwHk2QECo/6vqA44rthZ8ie2QXMNeKRTHCNY2nXvo=
gopkg.in/yaml.v3 v3.0.0-20200313102051-9f266ea9e77c/go.mod h1:K4uyk7z7BCEPqu6E+C64Yfv1cQ7kz7rIZviUmN+EgEM=
